
Microsoft Visual Studio Solution File, Format Version 12.00
# Visual Studio Version 16
VisualStudioVersion = 16.0.31613.86
MinimumVisualStudioVersion = 10.0.40219.1
Project("{9A19103F-16F7-4668-BE54-9A1E7A4F7556}") = "WebCalculadoraIMC", "WebCalculadoraIMC\WebCalculadoraIMC.csproj", "{658A5BA4-7F8B-4A70-BB6B-AFF6AA79175C}"
EndProject
Project("{FAE04EC0-301F-11D3-BF4B-00C04F79EFBC}") = "CalculadoraIMC.Servicios", "CalculadoraIMC.Servicios\CalculadoraIMC.Servicios.csproj", "{8BAF1E67-CA7A-459E-BC2A-573A8BD3964F}"
EndProject
Project("{FAE04EC0-301F-11D3-BF4B-00C04F79EFBC}") = "CalculadoraIMC.Entidades", "CalculadoraIMC.Entidades\CalculadoraIMC.Entidades.csproj", "{7C56A0C8-3681-47B2-AB72-147AD997A2F1}"
EndProject
Global
	GlobalSection(SolutionConfigurationPlatforms) = preSolution
		Debug|Any CPU = Debug|Any CPU
		Release|Any CPU = Release|Any CPU
	EndGlobalSection
	GlobalSection(ProjectConfigurationPlatforms) = postSolution
		{658A5BA4-7F8B-4A70-BB6B-AFF6AA79175C}.Debug|Any CPU.ActiveCfg = Debug|Any CPU
		{658A5BA4-7F8B-4A70-BB6B-AFF6AA79175C}.Debug|Any CPU.Build.0 = Debug|Any CPU
		{658A5BA4-7F8B-4A70-BB6B-AFF6AA79175C}.Release|Any CPU.ActiveCfg = Release|Any CPU
		{658A5BA4-7F8B-4A70-BB6B-AFF6AA79175C}.Release|Any CPU.Build.0 = Release|Any CPU
		{8BAF1E67-CA7A-459E-BC2A-573A8BD3964F}.Debug|Any CPU.ActiveCfg = Debug|Any CPU
		{8BAF1E67-CA7A-459E-BC2A-573A8BD3964F}.Debug|Any CPU.Build.0 = Debug|Any CPU
		{8BAF1E67-CA7A-459E-BC2A-573A8BD3964F}.Release|Any CPU.ActiveCfg = Release|Any CPU
		{8BAF1E67-CA7A-459E-BC2A-573A8BD3964F}.Release|Any CPU.Build.0 = Release|Any CPU
		{7C56A0C8-3681-47B2-AB72-147AD997A2F1}.Debug|Any CPU.ActiveCfg = Debug|Any CPU
		{7C56A0C8-3681-47B2-AB72-147AD997A2F1}.Debug|Any CPU.Build.0 = Debug|Any CPU
		{7C56A0C8-3681-47B2-AB72-147AD997A2F1}.Release|Any CPU.ActiveCfg = Release|Any CPU
		{7C56A0C8-3681-47B2-AB72-147AD997A2F1}.Release|Any CPU.Build.0 = Release|Any CPU
	EndGlobalSection
	GlobalSection(SolutionProperties) = preSolution
		HideSolutionNode = FALSE
	EndGlobalSection
	GlobalSection(ExtensibilityGlobals) = postSolution
		SolutionGuid = {21A85CF5-9E95-4633-9880-32A743E7EB81}
	EndGlobalSection
EndGlobal
